
Microsoft Visual Studio Solution File, Format Version 12.00
Project("{FAE04EC0-301F-11D3-BF4B-00C04F79EFBC}") = "LinkedList", "LinkedList\LinkedList.csproj", "{2AED8FD5-0174-498A-A8D6-3E0EFE132481}"
EndProject
Project("{FAE04EC0-301F-11D3-BF4B-00C04F79EFBC}") = "Queue", "Queue\Queue.csproj", "{19437B6A-97B6-4122-B068-1DDF1D644A04}"
EndProject
Project("{FAE04EC0-301F-11D3-BF4B-00C04F79EFBC}") = "Services", "Services\Services.csproj", "{B0D85F6B-55D1-4DBE-914C-BA02E9A3453F}"
EndProject
Global
	GlobalSection(SolutionConfigurationPlatforms) = preSolution
		Debug|Any CPU = Debug|Any CPU
		Release|Any CPU = Release|Any CPU
	EndGlobalSection
	GlobalSection(ProjectConfigurationPlatforms) = postSolution
		{2AED8FD5-0174-498A-A8D6-3E0EFE132481}.Debug|Any CPU.ActiveCfg = Debug|Any CPU
		{2AED8FD5-0174-498A-A8D6-3E0EFE132481}.Debug|Any CPU.Build.0 = Debug|Any CPU
		{2AED8FD5-0174-498A-A8D6-3E0EFE132481}.Release|Any CPU.ActiveCfg = Release|Any CPU
		{2AED8FD5-0174-498A-A8D6-3E0EFE132481}.Release|Any CPU.Build.0 = Release|Any CPU
		{19437B6A-97B6-4122-B068-1DDF1D644A04}.Debug|Any CPU.ActiveCfg = Debug|Any CPU
		{19437B6A-97B6-4122-B068-1DDF1D644A04}.Debug|Any CPU.Build.0 = Debug|Any CPU
		{19437B6A-97B6-4122-B068-1DDF1D644A04}.Release|Any CPU.ActiveCfg = Release|Any CPU
		{19437B6A-97B6-4122-B068-1DDF1D644A04}.Release|Any CPU.Build.0 = Release|Any CPU
		{B0D85F6B-55D1-4DBE-914C-BA02E9A3453F}.Debug|Any CPU.ActiveCfg = Debug|Any CPU
		{B0D85F6B-55D1-4DBE-914C-BA02E9A3453F}.Debug|Any CPU.Build.0 = Debug|Any CPU
		{B0D85F6B-55D1-4DBE-914C-BA02E9A3453F}.Release|Any CPU.ActiveCfg = Release|Any CPU
		{B0D85F6B-55D1-4DBE-914C-BA02E9A3453F}.Release|Any CPU.Build.0 = Release|Any CPU
	EndGlobalSection
EndGlobal
